// !$*UTF8*$!
{
	archiveVersion = 1;
	classes = {
	};
	objectVersion = 77;
	objects = {

/* Begin PBXBuildFile section */
		B527ED752CE7BEDE005493B7 /* User+CoreDataClass.swift in Sources */ = {isa = PBXBuildFile; fileRef = B527ED732CE7BEDE005493B7 /* User+CoreDataClass.swift */; };
		B527ED762CE7BEDE005493B7 /* User+CoreDataProperties.swift in Sources */ = {isa = PBXBuildFile; fileRef = B527ED742CE7BEDE005493B7 /* User+CoreDataProperties.swift */; };
/* End PBXBuildFile section */

/* Begin PBXContainerItemProxy section */
		B5CF9A062CC74A8900C511DB /* PBXContainerItemProxy */ = {
			isa = PBXContainerItemProxy;
			containerPortal = B5CF99ED2CC74A8600C511DB /* Project object */;
			proxyType = 1;
			remoteGlobalIDString = B5CF99F42CC74A8600C511DB;
			remoteInfo = prueba4;
		};
		B5CF9A102CC74A8900C511DB /* PBXContainerItemProxy */ = {
			isa = PBXContainerItemProxy;
			containerPortal = B5CF99ED2CC74A8600C511DB /* Project object */;
			proxyType = 1;
			remoteGlobalIDString = B5CF99F42CC74A8600C511DB;
			remoteInfo = prueba4;
		};
/* End PBXContainerItemProxy section */

/* Begin PBXFileReference section */
		B527ED732CE7BEDE005493B7 /* User+CoreDataClass.swift */ = {isa = PBXFileReference; lastKnownFileType = sourcecode.swift; name = "User+CoreDataClass.swift"; path = "prueba4/User+CoreDataClass.swift"; sourceTree = "<group>"; };
		B527ED742CE7BEDE005493B7 /* User+CoreDataProperties.swift */ = {isa = PBXFileReference; lastKnownFileType = sourcecode.swift; name = "User+CoreDataProperties.swift"; path = "prueba4/User+CoreDataProperties.swift"; sourceTree = "<group>"; };
		B5CF99F52CC74A8600C511DB /* prueba4.app */ = {isa = PBXFileReference; explicitFileType = wrapper.application; includeInIndex = 0; path = prueba4.app; sourceTree = BUILT_PRODUCTS_DIR; };
		B5CF9A052CC74A8900C511DB /* prueba4Tests.xctest */ = {isa = PBXFileReference; explicitFileType = wrapper.cfbundle; includeInIndex = 0; path = prueba4Tests.xctest; sourceTree = BUILT_PRODUCTS_DIR; };
		B5CF9A0F2CC74A8900C511DB /* prueba4UITests.xctest */ = {isa = PBXFileReference; explicitFileType = wrapper.cfbundle; includeInIndex = 0; path = prueba4UITests.xctest; sourceTree = BUILT_PRODUCTS_DIR; };
/* End PBXFileReference section */

/* Begin PBXFileSystemSynchronizedRootGroup section */
		B5CF99F72CC74A8600C511DB /* prueba4 */ = {
			isa = PBXFileSystemSynchronizedRootGroup;
			path = prueba4;
			sourceTree = "<group>";
		};
		B5CF9A082CC74A8900C511DB /* prueba4Tests */ = {
			isa = PBXFileSystemSynchronizedRootGroup;
			path = prueba4Tests;
			sourceTree = "<group>";
		};
		B5CF9A122CC74A8900C511DB /* prueba4UITests */ = {
			isa = PBXFileSystemSynchronizedRootGroup;
			path = prueba4UITests;
			sourceTree = "<group>";
		};
/* End PBXFileSystemSynchronizedRootGroup section */

/* Begin PBXFrameworksBuildPhase section */
		B5CF99F22CC74A8600C511DB /* Frameworks */ = {
			isa = PBXFrameworksBuildPhase;
			buildActionMask = 2147483647;
			files = (
			);
			runOnlyForDeploymentPostprocessing = 0;
		};
		B5CF9A022CC74A8900C511DB /* Frameworks */ = {
			isa = PBXFrameworksBuildPhase;
			buildActionMask = 2147483647;
			files = (
			);
			runOnlyForDeploymentPostprocessing = 0;
		};
		B5CF9A0C2CC74A8900C511DB /* Frameworks */ = {
			isa = PBXFrameworksBuildPhase;
			buildActionMask = 2147483647;
			files = (
			);
			runOnlyForDeploymentPostprocessing = 0;
		};
/* End PBXFrameworksBuildPhase section */

/* Begin PBXGroup section */
		B5CF99EC2CC74A8600C511DB = {
			isa = PBXGroup;
			children = (
				B527ED732CE7BEDE005493B7 /* User+CoreDataClass.swift */,
				B527ED742CE7BEDE005493B7 /* User+CoreDataProperties.swift */,
				B5CF99F72CC74A8600C511DB /* prueba4 */,
				B5CF9A082CC74A8900C511DB /* prueba4Tests */,
				B5CF9A122CC74A8900C511DB /* prueba4UITests */,
				B5CF99F62CC74A8600C511DB /* Products */,
			);
			sourceTree = "<group>";
		};
		B5CF99F62CC74A8600C511DB /* Products */ = {
			isa = PBXGroup;
			children = (
				B5CF99F52CC74A8600C511DB /* prueba4.app */,
				B5CF9A052CC74A8900C511DB /* prueba4Tests.xctest */,
				B5CF9A0F2CC74A8900C511DB /* prueba4UITests.xctest */,
			);
			name = Products;
			sourceTree = "<group>";
		};
/* End PBXGroup section */

/* Begin PBXNativeTarget section */
		B5CF99F42CC74A8600C511DB /* prueba4 */ = {
			isa = PBXNativeTarget;
			buildConfigurationList = B5CF9A192CC74A8900C511DB /* Build configuration list for PBXNativeTarget "prueba4" */;
			buildPhases = (
				B5CF99F12CC74A8600C511DB /* Sources */,
				B5CF99F22CC74A8600C511DB /* Frameworks */,
				B5CF99F32CC74A8600C511DB /* Resources */,
			);
			buildRules = (
			);
			dependencies = (
			);
			fileSystemSynchronizedGroups = (
				B5CF99F72CC74A8600C511DB /* prueba4 */,
			);
			name = prueba4;
			packageProductDependencies = (
			);
			productName = prueba4;
			productReference = B5CF99F52CC74A8600C511DB /* prueba4.app */;
			productType = "com.apple.product-type.application";
		};
		B5CF9A042CC74A8900C511DB /* prueba4Tests */ = {
			isa = PBXNativeTarget;
			buildConfigurationList = B5CF9A1C2CC74A8900C511DB /* Build configuration list for PBXNativeTarget "prueba4Tests" */;
			buildPhases = (
				B5CF9A012CC74A8900C511DB /* Sources */,
				B5CF9A022CC74A8900C511DB /* Frameworks */,
				B5CF9A032CC74A8900C511DB /* Resources */,
			);
			buildRules = (
			);
			dependencies = (
				B5CF9A072CC74A8900C511DB /* PBXTargetDependency */,
			);
			fileSystemSynchronizedGroups = (
				B5CF9A082CC74A8900C511DB /* prueba4Tests */,
			);
			name = prueba4Tests;
			packageProductDependencies = (
			);
			productName = prueba4Tests;
			productReference = B5CF9A052CC74A8900C511DB /* prueba4Tests.xctest */;
			productType = "com.apple.product-type.bundle.unit-test";
		};
		B5CF9A0E2CC74A8900C511DB /* prueba4UITests */ = {
			isa = PBXNativeTarget;
			buildConfigurationList = B5CF9A1F2CC74A8900C511DB /* Build configuration list for PBXNativeTarget "prueba4UITests" */;
			buildPhases = (
				B5CF9A0B2CC74A8900C511DB /* Sources */,
				B5CF9A0C2CC74A8900C511DB /* Frameworks */,
				B5CF9A0D2CC74A8900C511DB /* Resources */,
			);
			buildRules = (
			);
			dependencies = (
				B5CF9A112CC74A8900C511DB /* PBXTargetDependency */,
			);
			fileSystemSynchronizedGroups = (
				B5CF9A122CC74A8900C511DB /* prueba4UITests */,
			);
			name = prueba4UITests;
			packageProductDependencies = (
			);
			productName = prueba4UITests;
			productReference = B5CF9A0F2CC74A8900C511DB /* prueba4UITests.xctest */;
			productType = "com.apple.product-type.bundle.ui-testing";
		};
/* End PBXNativeTarget section */

/* Begin PBXProject section */
		B5CF99ED2CC74A8600C511DB /* Project object */ = {
			isa = PBXProject;
			attributes = {
				BuildIndependentTargetsInParallel = 1;
				LastSwiftUpdateCheck = 1600;
				LastUpgradeCheck = 1600;
				TargetAttributes = {
					B5CF99F42CC74A8600C511DB = {
						CreatedOnToolsVersion = 16.0;
					};
					B5CF9A042CC74A8900C511DB = {
						CreatedOnToolsVersion = 16.0;
						TestTargetID = B5CF99F42CC74A8600C511DB;
					};
					B5CF9A0E2CC74A8900C511DB = {
						CreatedOnToolsVersion = 16.0;
						TestTargetID = B5CF99F42CC74A8600C511DB;
					};
				};
			};
			buildConfigurationList = B5CF99F02CC74A8600C511DB /* Build configuration list for PBXProject "prueba4" */;
			developmentRegion = en;
			hasScannedForEncodings = 0;
			knownRegions = (
				en,
				Base,
			);
			mainGroup = B5CF99EC2CC74A8600C511DB;
			minimizedProjectReferenceProxies = 1;
			preferredProjectObjectVersion = 77;
			productRefGroup = B5CF99F62CC74A8600C511DB /* Products */;
			projectDirPath = "";
			projectRoot = "";
			targets = (
				B5CF99F42CC74A8600C511DB /* prueba4 */,
				B5CF9A042CC74A8900C511DB /* prueba4Tests */,
				B5CF9A0E2CC74A8900C511DB /* prueba4UITests */,
			);
		};
/* End PBXProject section */

/* Begin PBXResourcesBuildPhase section */
		B5CF99F32CC74A8600C511DB /* Resources */ = {
			isa = PBXResourcesBuildPhase;
			buildActionMask = 2147483647;
			files = (
			);
			runOnlyForDeploymentPostprocessing = 0;
		};
		B5CF9A032CC74A8900C511DB /* Resources */ = {
			isa = PBXResourcesBuildPhase;
			buildActionMask = 2147483647;
			files = (
			);
			runOnlyForDeploymentPostprocessing = 0;
		};
		B5CF9A0D2CC74A8900C511DB /* Resources */ = {
			isa = PBXResourcesBuildPhase;
			buildActionMask = 2147483647;
			files = (
			);
			runOnlyForDeploymentPostprocessing = 0;
		};
/* End PBXResourcesBuildPhase section */

/* Begin PBXSourcesBuildPhase section */
		B5CF99F12CC74A8600C511DB /* Sources */ = {
			isa = PBXSourcesBuildPhase;
			buildActionMask = 2147483647;
			files = (
				B527ED752CE7BEDE005493B7 /* User+CoreDataClass.swift in Sources */,
				B527ED762CE7BEDE005493B7 /* User+CoreDataProperties.swift in Sources */,
			);
			runOnlyForDeploymentPostprocessing = 0;
		};
		B5CF9A012CC74A8900C511DB /* Sources */ = {
			isa = PBXSourcesBuildPhase;
			buildActionMask = 2147483647;
			files = (
			);
			runOnlyForDeploymentPostprocessing = 0;
		};
		B5CF9A0B2CC74A8900C511DB /* Sources */ = {
			isa = PBXSourcesBuildPhase;
			buildActionMask = 2147483647;
			files = (
			);
			runOnlyForDeploymentPostprocessing = 0;
		};
/* End PBXSourcesBuildPhase section */

/* Begin PBXTargetDependency section */
		B5CF9A072CC74A8900C511DB /* PBXTargetDependency */ = {
			isa = PBXTargetDependency;
			target = B5CF99F42CC74A8600C511DB /* prueba4 */;
			targetProxy = B5CF9A062CC74A8900C511DB /* PBXContainerItemProxy */;
		};
		B5CF9A112CC74A8900C511DB /* PBXTargetDependency */ = {
			isa = PBXTargetDependency;
			target = B5CF99F42CC74A8600C511DB /* prueba4 */;
			targetProxy = B5CF9A102CC74A8900C511DB /* PBXContainerItemProxy */;
		};
/* End PBXTargetDependency section */

/* Begin XCBuildConfiguration section */
		B5CF9A172CC74A8900C511DB /* Debug */ = {
			isa = XCBuildConfiguration;
			buildSettings = {
				ALWAYS_SEARCH_USER_PATHS = NO;
				ASSETCATALOG_COMPILER_GENERATE_SWIFT_ASSET_SYMBOL_EXTENSIONS = YES;
				CLANG_ANALYZER_NONNULL = YES;
				CLANG_ANALYZER_NUMBER_OBJECT_CONVERSION = YES_AGGRESSIVE;
				CLANG_CXX_LANGUAGE_STANDARD = "gnu++20";
				CLANG_ENABLE_MODULES = YES;
				CLANG_ENABLE_OBJC_ARC = YES;
				CLANG_ENABLE_OBJC_WEAK = YES;
				CLANG_WARN_BLOCK_CAPTURE_AUTORELEASING = YES;
				CLANG_WARN_BOOL_CONVERSION = YES;
				CLANG_WARN_COMMA = YES;
				CLANG_WARN_CONSTANT_CONVERSION = YES;
				CLANG_WARN_DEPRECATED_OBJC_IMPLEMENTATIONS = YES;
				CLANG_WARN_DIRECT_OBJC_ISA_USAGE = YES_ERROR;
				CLANG_WARN_DOCUMENTATION_COMMENTS = YES;
				CLANG_WARN_EMPTY_BODY = YES;
				CLANG_WARN_ENUM_CONVERSION = YES;
				CLANG_WARN_INFINITE_RECURSION = YES;
				CLANG_WARN_INT_CONVERSION = YES;
				CLANG_WARN_NON_LITERAL_NULL_CONVERSION = YES;
				CLANG_WARN_OBJC_IMPLICIT_RETAIN_SELF = YES;
				CLANG_WARN_OBJC_LITERAL_CONVERSION = YES;
				CLANG_WARN_OBJC_ROOT_CLASS = YES_ERROR;
				CLANG_WARN_QUOTED_INCLUDE_IN_FRAMEWORK_HEADER = YES;
				CLANG_WARN_RANGE_LOOP_ANALYSIS = YES;
				CLANG_WARN_STRICT_PROTOTYPES = YES;
				CLANG_WARN_SUSPICIOUS_MOVE = YES;
				CLANG_WARN_UNGUARDED_AVAILABILITY = YES_AGGRESSIVE;
				CLANG_WARN_UNREACHABLE_CODE = YES;
				CLANG_WARN__DUPLICATE_METHOD_MATCH = YES;
				COPY_PHASE_STRIP = NO;
				DEBUG_INFORMATION_FORMAT = dwarf;
				ENABLE_STRICT_OBJC_MSGSEND = YES;
				ENABLE_TESTABILITY = YES;
				ENABLE_USER_SCRIPT_SANDBOXING = YES;
				GCC_C_LANGUAGE_STANDARD = gnu17;
				GCC_DYNAMIC_NO_PIC = NO;
				GCC_NO_COMMON_BLOCKS = YES;
				GCC_OPTIMIZATION_LEVEL = 0;
				GCC_PREPROCESSOR_DEFINITIONS = (
					"DEBUG=1",
					"$(inherited)",
				);
				GCC_WARN_64_TO_32_BIT_CONVERSION = YES;
				GCC_WARN_ABOUT_RETURN_TYPE = YES_ERROR;
				GCC_WARN_UNDECLARED_SELECTOR = YES;
				GCC_WARN_UNINITIALIZED_AUTOS = YES_AGGRESSIVE;
				GCC_WARN_UNUSED_FUNCTION = YES;
				GCC_WARN_UNUSED_VARIABLE = YES;
				IPHONEOS_DEPLOYMENT_TARGET = 18.0;
				LOCALIZATION_PREFERS_STRING_CATALOGS = YES;
				MTL_ENABLE_DEBUG_INFO = INCLUDE_SOURCE;
				MTL_FAST_MATH = YES;
				ONLY_ACTIVE_ARCH = YES;
				SDKROOT = iphoneos;
				SWIFT_ACTIVE_COMPILATION_CONDITIONS = "DEBUG $(inherited)";
				SWIFT_OPTIMIZATION_LEVEL = "-Onone";
			};
			name = Debug;
		};
		B5CF9A182CC74A8900C511DB /* Release */ = {
			isa = XCBuildConfiguration;
			buildSettings = {
				ALWAYS_SEARCH_USER_PATHS = NO;
				ASSETCATALOG_COMPILER_GENERATE_SWIFT_ASSET_SYMBOL_EXTENSIONS = YES;
				CLANG_ANALYZER_NONNULL = YES;
				CLANG_ANALYZER_NUMBER_OBJECT_CONVERSION = YES_AGGRESSIVE;
				CLANG_CXX_LANGUAGE_STANDARD = "gnu++20";
				CLANG_ENABLE_MODULES = YES;
				CLANG_ENABLE_OBJC_ARC = YES;
				CLANG_ENABLE_OBJC_WEAK = YES;
				CLANG_WARN_BLOCK_CAPTURE_AUTORELEASING = YES;
				CLANG_WARN_BOOL_CONVERSION = YES;
				CLANG_WARN_COMMA = YES;
				CLANG_WARN_CONSTANT_CONVERSION = YES;
				CLANG_WARN_DEPRECATED_OBJC_IMPLEMENTATIONS = YES;
				CLANG_WARN_DIRECT_OBJC_ISA_USAGE = YES_ERROR;
				CLANG_WARN_DOCUMENTATION_COMMENTS = YES;
				CLANG_WARN_EMPTY_BODY = YES;
				CLANG_WARN_ENUM_CONVERSION = YES;
				CLANG_WARN_INFINITE_RECURSION = YES;
				CLANG_WARN_INT_CONVERSION = YES;
				CLANG_WARN_NON_LITERAL_NULL_CONVERSION = YES;
				CLANG_WARN_OBJC_IMPLICIT_RETAIN_SELF = YES;
				CLANG_WARN_OBJC_LITERAL_CONVERSION = YES;
				CLANG_WARN_OBJC_ROOT_CLASS = YES_ERROR;
				CLANG_WARN_QUOTED_INCLUDE_IN_FRAMEWORK_HEADER = YES;
				CLANG_WARN_RANGE_LOOP_ANALYSIS = YES;
				CLANG_WARN_STRICT_PROTOTYPES = YES;
				CLANG_WARN_SUSPICIOUS_MOVE = YES;
				CLANG_WARN_UNGUARDED_AVAILABILITY = YES_AGGRESSIVE;
				CLANG_WARN_UNREACHABLE_CODE = YES;
				CLANG_WARN__DUPLICATE_METHOD_MATCH = YES;
				COPY_PHASE_STRIP = NO;
				DEBUG_INFORMATION_FORMAT = "dwarf-with-dsym";
				ENABLE_NS_ASSERTIONS = NO;
				ENABLE_STRICT_OBJC_MSGSEND = YES;
				ENABLE_USER_SCRIPT_SANDBOXING = YES;
				GCC_C_LANGUAGE_STANDARD = gnu17;
				GCC_NO_COMMON_BLOCKS = YES;
				GCC_WARN_64_TO_32_BIT_CONVERSION = YES;
				GCC_WARN_ABOUT_RETURN_TYPE = YES_ERROR;
				GCC_WARN_UNDECLARED_SELECTOR = YES;
				GCC_WARN_UNINITIALIZED_AUTOS = YES_AGGRESSIVE;
				GCC_WARN_UNUSED_FUNCTION = YES;
				GCC_WARN_UNUSED_VARIABLE = YES;
				IPHONEOS_DEPLOYMENT_TARGET = 18.0;
				LOCALIZATION_PREFERS_STRING_CATALOGS = YES;
				MTL_ENABLE_DEBUG_INFO = NO;
				MTL_FAST_MATH = YES;
				SDKROOT = iphoneos;
				SWIFT_COMPILATION_MODE = wholemodule;
				VALIDATE_PRODUCT = YES;
			};
			name = Release;
		};
		B5CF9A1A2CC74A8900C511DB /* Debug */ = {
			isa = XCBuildConfiguration;
			buildSettings = {
				ASSETCATALOG_COMPILER_APPICON_NAME = AppIcon;
				ASSETCATALOG_COMPILER_GLOBAL_ACCENT_COLOR_NAME = AccentColor;
				CODE_SIGN_STYLE = Automatic;
				CURRENT_PROJECT_VERSION = 1;
				DEVELOPMENT_ASSET_PATHS = "\"prueba4/Preview Content\"";
				DEVELOPMENT_TEAM = 4Y6W3Q4CN4;
				ENABLE_PREVIEWS = YES;
				GENERATE_INFOPLIST_FILE = YES;
				INFOPLIST_KEY_NSCameraUsageDescription = "";
				INFOPLIST_KEY_UIApplicationSupportsIndirectInputEvents = YES;
				INFOPLIST_KEY_UILaunchScreen_Generation = YES;
				INFOPLIST_KEY_UIRequiredDeviceCapabilities = arkit;
				INFOPLIST_KEY_UIStatusBarHidden = YES;
				INFOPLIST_KEY_UISupportedInterfaceOrientations_iPad = "UIInterfaceOrientationPortrait UIInterfaceOrientationPortraitUpsideDown UIInterfaceOrientationLandscapeLeft UIInterfaceOrientationLandscapeRight";
				INFOPLIST_KEY_UISupportedInterfaceOrientations_iPhone = "UIInterfaceOrientationPortrait UIInterfaceOrientationLandscapeLeft UIInterfaceOrientationLandscapeRight";
				LD_RUNPATH_SEARCH_PATHS = (
					"$(inherited)",
					"@executable_path/Frameworks",
				);
				MARKETING_VERSION = 1.0;
				PRODUCT_BUNDLE_IDENTIFIER = Castro.prueba4;
				PRODUCT_NAME = "$(TARGET_NAME)";
				SWIFT_EMIT_LOC_STRINGS = YES;
				SWIFT_VERSION = 5.0;
				TARGETED_DEVICE_FAMILY = "1,2";
			};
			name = Debug;
		};
		B5CF9A1B2CC74A8900C511DB /* Release */ = {
			isa = XCBuildConfiguration;
			buildSettings = {
				ASSETCATALOG_COMPILER_APPICON_NAME = AppIcon;
				ASSETCATALOG_COMPILER_GLOBAL_ACCENT_COLOR_NAME = AccentColor;
				CODE_SIGN_STYLE = Automatic;
				CURRENT_PROJECT_VERSION = 1;
				DEVELOPMENT_ASSET_PATHS = "\"prueba4/Preview Content\"";
				DEVELOPMENT_TEAM = PGS75663UR;
				ENABLE_PREVIEWS = YES;
				GENERATE_INFOPLIST_FILE = YES;
				INFOPLIST_KEY_NSCameraUsageDescription = "";
				INFOPLIST_KEY_UIApplicationSupportsIndirectInputEvents = YES;
				INFOPLIST_KEY_UILaunchScreen_Generation = YES;
				INFOPLIST_KEY_UIRequiredDeviceCapabilities = arkit;
				INFOPLIST_KEY_UIStatusBarHidden = YES;
				INFOPLIST_KEY_UISupportedInterfaceOrientations_iPad = "UIInterfaceOrientationPortrait UIInterfaceOrientationPortraitUpsideDown UIInterfaceOrientationLandscapeLeft UIInterfaceOrientationLandscapeRight";
				INFOPLIST_KEY_UISupportedInterfaceOrientations_iPhone = "UIInterfaceOrientationPortrait UIInterfaceOrientationLandscapeLeft UIInterfaceOrientationLandscapeRight";
				LD_RUNPATH_SEARCH_PATHS = (
					"$(inherited)",
					"@executable_path/Frameworks",
				);
				MARKETING_VERSION = 1.0;
				PRODUCT_BUNDLE_IDENTIFIER = none.prueba4;
				PRODUCT_NAME = "$(TARGET_NAME)";
				SWIFT_EMIT_LOC_STRINGS = YES;
				SWIFT_VERSION = 5.0;
				TARGETED_DEVICE_FAMILY = "1,2";
			};
			name = Release;
		};
		B5CF9A1D2CC74A8900C511DB /* Debug */ = {
			isa = XCBuildConfiguration;
			buildSettings = {
				BUNDLE_LOADER = "$(TEST_HOST)";
				CODE_SIGN_STYLE = Automatic;
				CURRENT_PROJECT_VERSION = 1;
				DEVELOPMENT_TEAM = PGS75663UR;
				GENERATE_INFOPLIST_FILE = YES;
				IPHONEOS_DEPLOYMENT_TARGET = 18.0;
				MARKETING_VERSION = 1.0;
				PRODUCT_BUNDLE_IDENTIFIER = none.prueba4Tests;
				PRODUCT_NAME = "$(TARGET_NAME)";
				SWIFT_EMIT_LOC_STRINGS = NO;
				SWIFT_VERSION = 5.0;
				TARGETED_DEVICE_FAMILY = "1,2";
				TEST_HOST = "$(BUILT_PRODUCTS_DIR)/prueba4.app/$(BUNDLE_EXECUTABLE_FOLDER_PATH)/prueba4";
			};
			name = Debug;
		};
		B5CF9A1E2CC74A8900C511DB /* Release */ = {
			isa = XCBuildConfiguration;
			buildSettings = {
				BUNDLE_LOADER = "$(TEST_HOST)";
				CODE_SIGN_STYLE = Automatic;
				CURRENT_PROJECT_VERSION = 1;
				DEVELOPMENT_TEAM = PGS75663UR;
				GENERATE_INFOPLIST_FILE = YES;
				IPHONEOS_DEPLOYMENT_TARGET = 18.0;
				MARKETING_VERSION = 1.0;
				PRODUCT_BUNDLE_IDENTIFIER = none.prueba4Tests;
				PRODUCT_NAME = "$(TARGET_NAME)";
				SWIFT_EMIT_LOC_STRINGS = NO;
				SWIFT_VERSION = 5.0;
				TARGETED_DEVICE_FAMILY = "1,2";
				TEST_HOST = "$(BUILT_PRODUCTS_DIR)/prueba4.app/$(BUNDLE_EXECUTABLE_FOLDER_PATH)/prueba4";
			};
			name = Release;
		};
		B5CF9A202CC74A8900C511DB /* Debug */ = {
			isa = XCBuildConfiguration;
			buildSettings = {
				CODE_SIGN_STYLE = Automatic;
				CURRENT_PROJECT_VERSION = 1;
				DEVELOPMENT_TEAM = PGS75663UR;
				GENERATE_INFOPLIST_FILE = YES;
				MARKETING_VERSION = 1.0;
				PRODUCT_BUNDLE_IDENTIFIER = none.prueba4UITests;
				PRODUCT_NAME = "$(TARGET_NAME)";
				SWIFT_EMIT_LOC_STRINGS = NO;
				SWIFT_VERSION = 5.0;
				TARGETED_DEVICE_FAMILY = "1,2";
				TEST_TARGET_NAME = prueba4;
			};
			name = Debug;
		};
		B5CF9A212CC74A8900C511DB /* Release */ = {
			isa = XCBuildConfiguration;
			buildSettings = {
				CODE_SIGN_STYLE = Automatic;
				CURRENT_PROJECT_VERSION = 1;
				DEVELOPMENT_TEAM = PGS75663UR;
				GENERATE_INFOPLIST_FILE = YES;
				MARKETING_VERSION = 1.0;
				PRODUCT_BUNDLE_IDENTIFIER = none.prueba4UITests;
				PRODUCT_NAME = "$(TARGET_NAME)";
				SWIFT_EMIT_LOC_STRINGS = NO;
				SWIFT_VERSION = 5.0;
				TARGETED_DEVICE_FAMILY = "1,2";
				TEST_TARGET_NAME = prueba4;
			};
			name = Release;
		};
/* End XCBuildConfiguration section */

/* Begin XCConfigurationList section */
		B5CF99F02CC74A8600C511DB /* Build configuration list for PBXProject "prueba4" */ = {
			isa = XCConfigurationList;
			buildConfigurations = (
				B5CF9A172CC74A8900C511DB /* Debug */,
				B5CF9A182CC74A8900C511DB /* Release */,
			);
			defaultConfigurationIsVisible = 0;
			defaultConfigurationName = Release;
		};
		B5CF9A192CC74A8900C511DB /* Build configuration list for PBXNativeTarget "prueba4" */ = {
			isa = XCConfigurationList;
			buildConfigurations = (
				B5CF9A1A2CC74A8900C511DB /* Debug */,
				B5CF9A1B2CC74A8900C511DB /* Release */,
			);
			defaultConfigurationIsVisible = 0;
			defaultConfigurationName = Release;
		};
		B5CF9A1C2CC74A8900C511DB /* Build configuration list for PBXNativeTarget "prueba4Tests" */ = {
			isa = XCConfigurationList;
			buildConfigurations = (
				B5CF9A1D2CC74A8900C511DB /* Debug */,
				B5CF9A1E2CC74A8900C511DB /* Release */,
			);
			defaultConfigurationIsVisible = 0;
			defaultConfigurationName = Release;
		};
		B5CF9A1F2CC74A8900C511DB /* Build configuration list for PBXNativeTarget "prueba4UITests" */ = {
			isa = XCConfigurationList;
			buildConfigurations = (
				B5CF9A202CC74A8900C511DB /* Debug */,
				B5CF9A212CC74A8900C511DB /* Release */,
			);
			defaultConfigurationIsVisible = 0;
			defaultConfigurationName = Release;
		};
/* End XCConfigurationList section */
	};
	rootObject = B5CF99ED2CC74A8600C511DB /* Project object */;
}
